// !$*UTF8*$!
{
	archiveVersion = 1;
	classes = {
	};
	objectVersion = 56;
	objects = {

/* Begin PBXBuildFile section */
		EFFAF16F28F22AAD0038AE4C /* AppDelegate.swift in Sources */ = {isa = PBXBuildFile; fileRef = EFFAF16E28F22AAD0038AE4C /* AppDelegate.swift */; };
		EFFAF17128F22AAD0038AE4C /* SceneDelegate.swift in Sources */ = {isa = PBXBuildFile; fileRef = EFFAF17028F22AAD0038AE4C /* SceneDelegate.swift */; };
		EFFAF17328F22AAD0038AE4C /* MainViewController.swift in Sources */ = {isa = PBXBuildFile; fileRef = EFFAF17228F22AAD0038AE4C /* MainViewController.swift */; };
		EFFAF17828F22AAD0038AE4C /* Assets.xcassets in Resources */ = {isa = PBXBuildFile; fileRef = EFFAF17728F22AAD0038AE4C /* Assets.xcassets */; };
		EFFAF17B28F22AAD0038AE4C /* LaunchScreen.storyboard in Resources */ = {isa = PBXBuildFile; fileRef = EFFAF17928F22AAD0038AE4C /* LaunchScreen.storyboard */; };
		EFFAF18C28F230D60038AE4C /* MainView.swift in Sources */ = {isa = PBXBuildFile; fileRef = EFFAF18B28F230D60038AE4C /* MainView.swift */; };
		EFFAF19328F234620038AE4C /* PodcastResponse.swift in Sources */ = {isa = PBXBuildFile; fileRef = EFFAF19228F234620038AE4C /* PodcastResponse.swift */; };
		EFFAF19528F234E80038AE4C /* Podcast.swift in Sources */ = {isa = PBXBuildFile; fileRef = EFFAF19428F234E80038AE4C /* Podcast.swift */; };
		EFFAF19828F246770038AE4C /* PodcastCollectionViewCell.swift in Sources */ = {isa = PBXBuildFile; fileRef = EFFAF19728F246770038AE4C /* PodcastCollectionViewCell.swift */; };
		EFFC95E528F2B54900B352EC /* UIimage+Extensions.swift in Sources */ = {isa = PBXBuildFile; fileRef = EFFC95E428F2B54900B352EC /* UIimage+Extensions.swift */; };
		EFFC95E728F2BD0900B352EC /* CGFloat+Extension.swift in Sources */ = {isa = PBXBuildFile; fileRef = EFFC95E628F2BD0900B352EC /* CGFloat+Extension.swift */; };
		EFFC95EA28F2C4B500B352EC /* DetailViewController.swift in Sources */ = {isa = PBXBuildFile; fileRef = EFFC95E928F2C4B500B352EC /* DetailViewController.swift */; };
		EFFC95EE28F2C52C00B352EC /* DetailView.swift in Sources */ = {isa = PBXBuildFile; fileRef = EFFC95ED28F2C52C00B352EC /* DetailView.swift */; };
		EFFC95F228F2CF3C00B352EC /* PodcastRequest.swift in Sources */ = {isa = PBXBuildFile; fileRef = EFFC95F128F2CF3C00B352EC /* PodcastRequest.swift */; };
		EFFC95F428F2CF6100B352EC /* NetworkService.swift in Sources */ = {isa = PBXBuildFile; fileRef = EFFC95F328F2CF6100B352EC /* NetworkService.swift */; };
		EFFC95F628F2CF8900B352EC /* DataRequest.swift in Sources */ = {isa = PBXBuildFile; fileRef = EFFC95F528F2CF8900B352EC /* DataRequest.swift */; };
		EFFC95F828F2CFAB00B352EC /* ErrorResponse.swift in Sources */ = {isa = PBXBuildFile; fileRef = EFFC95F728F2CFAB00B352EC /* ErrorResponse.swift */; };
		EFFC95FA28F2CFD600B352EC /* HTTPMethod.swift in Sources */ = {isa = PBXBuildFile; fileRef = EFFC95F928F2CFD600B352EC /* HTTPMethod.swift */; };
/* End PBXBuildFile section */

/* Begin PBXFileReference section */
		EFFAF16B28F22AAD0038AE4C /* ITunes Client App.app */ = {isa = PBXFileReference; explicitFileType = wrapper.application; includeInIndex = 0; path = "ITunes Client App.app"; sourceTree = BUILT_PRODUCTS_DIR; };
		EFFAF16E28F22AAD0038AE4C /* AppDelegate.swift */ = {isa = PBXFileReference; lastKnownFileType = sourcecode.swift; path = AppDelegate.swift; sourceTree = "<group>"; };
		EFFAF17028F22AAD0038AE4C /* SceneDelegate.swift */ = {isa = PBXFileReference; lastKnownFileType = sourcecode.swift; path = SceneDelegate.swift; sourceTree = "<group>"; };
		EFFAF17228F22AAD0038AE4C /* MainViewController.swift */ = {isa = PBXFileReference; lastKnownFileType = sourcecode.swift; path = MainViewController.swift; sourceTree = "<group>"; };
		EFFAF17728F22AAD0038AE4C /* Assets.xcassets */ = {isa = PBXFileReference; lastKnownFileType = folder.assetcatalog; path = Assets.xcassets; sourceTree = "<group>"; };
		EFFAF17A28F22AAD0038AE4C /* Base */ = {isa = PBXFileReference; lastKnownFileType = file.storyboard; name = Base; path = Base.lproj/LaunchScreen.storyboard; sourceTree = "<group>"; };
		EFFAF17C28F22AAD0038AE4C /* Info.plist */ = {isa = PBXFileReference; lastKnownFileType = text.plist.xml; path = Info.plist; sourceTree = "<group>"; };
		EFFAF18B28F230D60038AE4C /* MainView.swift */ = {isa = PBXFileReference; lastKnownFileType = sourcecode.swift; path = MainView.swift; sourceTree = "<group>"; };
		EFFAF19228F234620038AE4C /* PodcastResponse.swift */ = {isa = PBXFileReference; lastKnownFileType = sourcecode.swift; path = PodcastResponse.swift; sourceTree = "<group>"; };
		EFFAF19428F234E80038AE4C /* Podcast.swift */ = {isa = PBXFileReference; lastKnownFileType = sourcecode.swift; path = Podcast.swift; sourceTree = "<group>"; };
		EFFAF19728F246770038AE4C /* PodcastCollectionViewCell.swift */ = {isa = PBXFileReference; lastKnownFileType = sourcecode.swift; path = PodcastCollectionViewCell.swift; sourceTree = "<group>"; };
		EFFC95E428F2B54900B352EC /* UIimage+Extensions.swift */ = {isa = PBXFileReference; lastKnownFileType = sourcecode.swift; path = "UIimage+Extensions.swift"; sourceTree = "<group>"; };
		EFFC95E628F2BD0900B352EC /* CGFloat+Extension.swift */ = {isa = PBXFileReference; lastKnownFileType = sourcecode.swift; path = "CGFloat+Extension.swift"; sourceTree = "<group>"; };
		EFFC95E928F2C4B500B352EC /* DetailViewController.swift */ = {isa = PBXFileReference; lastKnownFileType = sourcecode.swift; path = DetailViewController.swift; sourceTree = "<group>"; };
		EFFC95ED28F2C52C00B352EC /* DetailView.swift */ = {isa = PBXFileReference; lastKnownFileType = sourcecode.swift; path = DetailView.swift; sourceTree = "<group>"; };
		EFFC95F128F2CF3C00B352EC /* PodcastRequest.swift */ = {isa = PBXFileReference; lastKnownFileType = sourcecode.swift; path = PodcastRequest.swift; sourceTree = "<group>"; };
		EFFC95F328F2CF6100B352EC /* NetworkService.swift */ = {isa = PBXFileReference; lastKnownFileType = sourcecode.swift; path = NetworkService.swift; sourceTree = "<group>"; };
		EFFC95F528F2CF8900B352EC /* DataRequest.swift */ = {isa = PBXFileReference; lastKnownFileType = sourcecode.swift; path = DataRequest.swift; sourceTree = "<group>"; };
		EFFC95F728F2CFAB00B352EC /* ErrorResponse.swift */ = {isa = PBXFileReference; lastKnownFileType = sourcecode.swift; path = ErrorResponse.swift; sourceTree = "<group>"; };
		EFFC95F928F2CFD600B352EC /* HTTPMethod.swift */ = {isa = PBXFileReference; lastKnownFileType = sourcecode.swift; path = HTTPMethod.swift; sourceTree = "<group>"; };
/* End PBXFileReference section */

/* Begin PBXFrameworksBuildPhase section */
		EFFAF16828F22AAD0038AE4C /* Frameworks */ = {
			isa = PBXFrameworksBuildPhase;
			buildActionMask = 2147483647;
			files = (
			);
			runOnlyForDeploymentPostprocessing = 0;
		};
/* End PBXFrameworksBuildPhase section */

/* Begin PBXGroup section */
		EFFAF16228F22AAD0038AE4C = {
			isa = PBXGroup;
			children = (
				EFFAF16D28F22AAD0038AE4C /* ITunes Client App */,
				EFFAF16C28F22AAD0038AE4C /* Products */,
			);
			sourceTree = "<group>";
		};
		EFFAF16C28F22AAD0038AE4C /* Products */ = {
			isa = PBXGroup;
			children = (
				EFFAF16B28F22AAD0038AE4C /* ITunes Client App.app */,
			);
			name = Products;
			sourceTree = "<group>";
		};
		EFFAF16D28F22AAD0038AE4C /* ITunes Client App */ = {
			isa = PBXGroup;
			children = (
				EFFAF18628F22B880038AE4C /* Screens */,
				EFFAF18228F22AFF0038AE4C /* App */,
			);
			path = "ITunes Client App";
			sourceTree = "<group>";
		};
		EFFAF18228F22AFF0038AE4C /* App */ = {
			isa = PBXGroup;
			children = (
				EFFAF18D28F2314D0038AE4C /* Core */,
				EFFAF18728F22BA80038AE4C /* Plists */,
				EFFAF18528F22B490038AE4C /* Views */,
				EFFAF18428F22B310038AE4C /* Assets */,
				EFFAF18328F22B070038AE4C /* Delegates */,
			);
			path = App;
			sourceTree = "<group>";
		};
		EFFAF18328F22B070038AE4C /* Delegates */ = {
			isa = PBXGroup;
			children = (
				EFFAF16E28F22AAD0038AE4C /* AppDelegate.swift */,
				EFFAF17028F22AAD0038AE4C /* SceneDelegate.swift */,
			);
			path = Delegates;
			sourceTree = "<group>";
		};
		EFFAF18428F22B310038AE4C /* Assets */ = {
			isa = PBXGroup;
			children = (
				EFFAF17728F22AAD0038AE4C /* Assets.xcassets */,
			);
			path = Assets;
			sourceTree = "<group>";
		};
		EFFAF18528F22B490038AE4C /* Views */ = {
			isa = PBXGroup;
			children = (
				EFFAF17928F22AAD0038AE4C /* LaunchScreen.storyboard */,
			);
			path = Views;
			sourceTree = "<group>";
		};
		EFFAF18628F22B880038AE4C /* Screens */ = {
			isa = PBXGroup;
			children = (
				EFFC95E828F2C48D00B352EC /* Detail */,
				EFFAF18828F22BD80038AE4C /* Main */,
			);
			path = Screens;
			sourceTree = "<group>";
		};
		EFFAF18728F22BA80038AE4C /* Plists */ = {
			isa = PBXGroup;
			children = (
				EFFAF17C28F22AAD0038AE4C /* Info.plist */,
			);
			path = Plists;
			sourceTree = "<group>";
		};
		EFFAF18828F22BD80038AE4C /* Main */ = {
			isa = PBXGroup;
			children = (
				EFFAF19128F2343B0038AE4C /* Model */,
				EFFAF18A28F22C050038AE4C /* View */,
				EFFAF18928F22BF50038AE4C /* Controller */,
			);
			path = Main;
			sourceTree = "<group>";
		};
		EFFAF18928F22BF50038AE4C /* Controller */ = {
			isa = PBXGroup;
			children = (
				EFFAF17228F22AAD0038AE4C /* MainViewController.swift */,
			);
			path = Controller;
			sourceTree = "<group>";
		};
		EFFAF18A28F22C050038AE4C /* View */ = {
			isa = PBXGroup;
			children = (
				EFFAF19628F246230038AE4C /* PodcastCollectionViewCell */,
				EFFAF18B28F230D60038AE4C /* MainView.swift */,
			);
			path = View;
			sourceTree = "<group>";
		};
		EFFAF18D28F2314D0038AE4C /* Core */ = {
			isa = PBXGroup;
			children = (
				EFFC95E328F2B4FA00B352EC /* Extensions */,
				EFFAF18E28F231640038AE4C /* Network */,
			);
			path = Core;
			sourceTree = "<group>";
		};
		EFFAF18E28F231640038AE4C /* Network */ = {
			isa = PBXGroup;
			children = (
				EFFC95F028F2CF2000B352EC /* Services */,
				EFFC95EF28F2CF1200B352EC /* Requests */,
				EFFC95F528F2CF8900B352EC /* DataRequest.swift */,
				EFFC95F728F2CFAB00B352EC /* ErrorResponse.swift */,
				EFFC95F928F2CFD600B352EC /* HTTPMethod.swift */,
			);
			path = Network;
			sourceTree = "<group>";
		};
		EFFAF19128F2343B0038AE4C /* Model */ = {
			isa = PBXGroup;
			children = (
				EFFAF19228F234620038AE4C /* PodcastResponse.swift */,
				EFFAF19428F234E80038AE4C /* Podcast.swift */,
			);
			path = Model;
			sourceTree = "<group>";
		};
		EFFAF19628F246230038AE4C /* PodcastCollectionViewCell */ = {
			isa = PBXGroup;
			children = (
				EFFAF19728F246770038AE4C /* PodcastCollectionViewCell.swift */,
			);
			path = PodcastCollectionViewCell;
			sourceTree = "<group>";
		};
		EFFC95E328F2B4FA00B352EC /* Extensions */ = {
			isa = PBXGroup;
			children = (
				EFFC95E428F2B54900B352EC /* UIimage+Extensions.swift */,
				EFFC95E628F2BD0900B352EC /* CGFloat+Extension.swift */,
			);
			path = Extensions;
			sourceTree = "<group>";
		};
		EFFC95E828F2C48D00B352EC /* Detail */ = {
			isa = PBXGroup;
			children = (
				EFFC95EC28F2C51500B352EC /* View */,
				EFFC95EB28F2C4F800B352EC /* Controller */,
			);
			path = Detail;
			sourceTree = "<group>";
		};
		EFFC95EB28F2C4F800B352EC /* Controller */ = {
			isa = PBXGroup;
			children = (
				EFFC95E928F2C4B500B352EC /* DetailViewController.swift */,
			);
			path = Controller;
			sourceTree = "<group>";
		};
		EFFC95EC28F2C51500B352EC /* View */ = {
			isa = PBXGroup;
			children = (
				EFFC95ED28F2C52C00B352EC /* DetailView.swift */,
			);
			path = View;
			sourceTree = "<group>";
		};
		EFFC95EF28F2CF1200B352EC /* Requests */ = {
			isa = PBXGroup;
			children = (
				EFFC95F128F2CF3C00B352EC /* PodcastRequest.swift */,
			);
			path = Requests;
			sourceTree = "<group>";
		};
		EFFC95F028F2CF2000B352EC /* Services */ = {
			isa = PBXGroup;
			children = (
				EFFC95F328F2CF6100B352EC /* NetworkService.swift */,
			);
			path = Services;
			sourceTree = "<group>";
		};
/* End PBXGroup section */

/* Begin PBXNativeTarget section */
		EFFAF16A28F22AAD0038AE4C /* ITunes Client App */ = {
			isa = PBXNativeTarget;
			buildConfigurationList = EFFAF17F28F22AAD0038AE4C /* Build configuration list for PBXNativeTarget "ITunes Client App" */;
			buildPhases = (
				EFFAF16728F22AAD0038AE4C /* Sources */,
				EFFAF16828F22AAD0038AE4C /* Frameworks */,
				EFFAF16928F22AAD0038AE4C /* Resources */,
			);
			buildRules = (
			);
			dependencies = (
			);
			name = "ITunes Client App";
			productName = "ITunes Client App";
			productReference = EFFAF16B28F22AAD0038AE4C /* ITunes Client App.app */;
			productType = "com.apple.product-type.application";
		};
/* End PBXNativeTarget section */

/* Begin PBXProject section */
		EFFAF16328F22AAD0038AE4C /* Project object */ = {
			isa = PBXProject;
			attributes = {
				BuildIndependentTargetsInParallel = 1;
				LastSwiftUpdateCheck = 1400;
				LastUpgradeCheck = 1400;
				TargetAttributes = {
					EFFAF16A28F22AAD0038AE4C = {
						CreatedOnToolsVersion = 14.0;
					};
				};
			};
			buildConfigurationList = EFFAF16628F22AAD0038AE4C /* Build configuration list for PBXProject "ITunes Client App" */;
			compatibilityVersion = "Xcode 14.0";
			developmentRegion = en;
			hasScannedForEncodings = 0;
			knownRegions = (
				en,
				Base,
			);
			mainGroup = EFFAF16228F22AAD0038AE4C;
			productRefGroup = EFFAF16C28F22AAD0038AE4C /* Products */;
			projectDirPath = "";
			projectRoot = "";
			targets = (
				EFFAF16A28F22AAD0038AE4C /* ITunes Client App */,
			);
		};
/* End PBXProject section */

/* Begin PBXResourcesBuildPhase section */
		EFFAF16928F22AAD0038AE4C /* Resources */ = {
			isa = PBXResourcesBuildPhase;
			buildActionMask = 2147483647;
			files = (
				EFFAF17B28F22AAD0038AE4C /* LaunchScreen.storyboard in Resources */,
				EFFAF17828F22AAD0038AE4C /* Assets.xcassets in Resources */,
			);
			runOnlyForDeploymentPostprocessing = 0;
		};
/* End PBXResourcesBuildPhase section */

/* Begin PBXSourcesBuildPhase section */
		EFFAF16728F22AAD0038AE4C /* Sources */ = {
			isa = PBXSourcesBuildPhase;
			buildActionMask = 2147483647;
			files = (
				EFFC95F828F2CFAB00B352EC /* ErrorResponse.swift in Sources */,
				EFFC95EA28F2C4B500B352EC /* DetailViewController.swift in Sources */,
				EFFC95F228F2CF3C00B352EC /* PodcastRequest.swift in Sources */,
				EFFC95EE28F2C52C00B352EC /* DetailView.swift in Sources */,
				EFFAF17328F22AAD0038AE4C /* MainViewController.swift in Sources */,
				EFFAF19528F234E80038AE4C /* Podcast.swift in Sources */,
				EFFAF19328F234620038AE4C /* PodcastResponse.swift in Sources */,
				EFFC95F428F2CF6100B352EC /* NetworkService.swift in Sources */,
				EFFC95F628F2CF8900B352EC /* DataRequest.swift in Sources */,
				EFFC95E528F2B54900B352EC /* UIimage+Extensions.swift in Sources */,
				EFFC95E728F2BD0900B352EC /* CGFloat+Extension.swift in Sources */,
				EFFAF18C28F230D60038AE4C /* MainView.swift in Sources */,
				EFFC95FA28F2CFD600B352EC /* HTTPMethod.swift in Sources */,
				EFFAF16F28F22AAD0038AE4C /* AppDelegate.swift in Sources */,
				EFFAF17128F22AAD0038AE4C /* SceneDelegate.swift in Sources */,
				EFFAF19828F246770038AE4C /* PodcastCollectionViewCell.swift in Sources */,
			);
			runOnlyForDeploymentPostprocessing = 0;
		};
/* End PBXSourcesBuildPhase section */

/* Begin PBXVariantGroup section */
		EFFAF17928F22AAD0038AE4C /* LaunchScreen.storyboard */ = {
			isa = PBXVariantGroup;
			children = (
				EFFAF17A28F22AAD0038AE4C /* Base */,
			);
			name = LaunchScreen.storyboard;
			sourceTree = "<group>";
		};
/* End PBXVariantGroup section */

/* Begin XCBuildConfiguration section */
		EFFAF17D28F22AAD0038AE4C /* Debug */ = {
			isa = XCBuildConfiguration;
			buildSettings = {
				ALWAYS_SEARCH_USER_PATHS = NO;
				CLANG_ANALYZER_NONNULL = YES;
				CLANG_ANALYZER_NUMBER_OBJECT_CONVERSION = YES_AGGRESSIVE;
				CLANG_CXX_LANGUAGE_STANDARD = "gnu++20";
				CLANG_ENABLE_MODULES = YES;
				CLANG_ENABLE_OBJC_ARC = YES;
				CLANG_ENABLE_OBJC_WEAK = YES;
				CLANG_WARN_BLOCK_CAPTURE_AUTORELEASING = YES;
				CLANG_WARN_BOOL_CONVERSION = YES;
				CLANG_WARN_COMMA = YES;
				CLANG_WARN_CONSTANT_CONVERSION = YES;
				CLANG_WARN_DEPRECATED_OBJC_IMPLEMENTATIONS = YES;
				CLANG_WARN_DIRECT_OBJC_ISA_USAGE = YES_ERROR;
				CLANG_WARN_DOCUMENTATION_COMMENTS = YES;
				CLANG_WARN_EMPTY_BODY = YES;
				CLANG_WARN_ENUM_CONVERSION = YES;
				CLANG_WARN_INFINITE_RECURSION = YES;
				CLANG_WARN_INT_CONVERSION = YES;
				CLANG_WARN_NON_LITERAL_NULL_CONVERSION = YES;
				CLANG_WARN_OBJC_IMPLICIT_RETAIN_SELF = YES;
				CLANG_WARN_OBJC_LITERAL_CONVERSION = YES;
				CLANG_WARN_OBJC_ROOT_CLASS = YES_ERROR;
				CLANG_WARN_QUOTED_INCLUDE_IN_FRAMEWORK_HEADER = YES;
				CLANG_WARN_RANGE_LOOP_ANALYSIS = YES;
				CLANG_WARN_STRICT_PROTOTYPES = YES;
				CLANG_WARN_SUSPICIOUS_MOVE = YES;
				CLANG_WARN_UNGUARDED_AVAILABILITY = YES_AGGRESSIVE;
				CLANG_WARN_UNREACHABLE_CODE = YES;
				CLANG_WARN__DUPLICATE_METHOD_MATCH = YES;
				COPY_PHASE_STRIP = NO;
				DEBUG_INFORMATION_FORMAT = dwarf;
				ENABLE_STRICT_OBJC_MSGSEND = YES;
				ENABLE_TESTABILITY = YES;
				GCC_C_LANGUAGE_STANDARD = gnu11;
				GCC_DYNAMIC_NO_PIC = NO;
				GCC_NO_COMMON_BLOCKS = YES;
				GCC_OPTIMIZATION_LEVEL = 0;
				GCC_PREPROCESSOR_DEFINITIONS = (
					"DEBUG=1",
					"$(inherited)",
				);
				GCC_WARN_64_TO_32_BIT_CONVERSION = YES;
				GCC_WARN_ABOUT_RETURN_TYPE = YES_ERROR;
				GCC_WARN_UNDECLARED_SELECTOR = YES;
				GCC_WARN_UNINITIALIZED_AUTOS = YES_AGGRESSIVE;
				GCC_WARN_UNUSED_FUNCTION = YES;
				GCC_WARN_UNUSED_VARIABLE = YES;
				IPHONEOS_DEPLOYMENT_TARGET = 16.0;
				MTL_ENABLE_DEBUG_INFO = INCLUDE_SOURCE;
				MTL_FAST_MATH = YES;
				ONLY_ACTIVE_ARCH = YES;
				SDKROOT = iphoneos;
				SWIFT_ACTIVE_COMPILATION_CONDITIONS = DEBUG;
				SWIFT_OPTIMIZATION_LEVEL = "-Onone";
			};
			name = Debug;
		};
		EFFAF17E28F22AAD0038AE4C /* Release */ = {
			isa = XCBuildConfiguration;
			buildSettings = {
				ALWAYS_SEARCH_USER_PATHS = NO;
				CLANG_ANALYZER_NONNULL = YES;
				CLANG_ANALYZER_NUMBER_OBJECT_CONVERSION = YES_AGGRESSIVE;
				CLANG_CXX_LANGUAGE_STANDARD = "gnu++20";
				CLANG_ENABLE_MODULES = YES;
				CLANG_ENABLE_OBJC_ARC = YES;
				CLANG_ENABLE_OBJC_WEAK = YES;
				CLANG_WARN_BLOCK_CAPTURE_AUTORELEASING = YES;
				CLANG_WARN_BOOL_CONVERSION = YES;
				CLANG_WARN_COMMA = YES;
				CLANG_WARN_CONSTANT_CONVERSION = YES;
				CLANG_WARN_DEPRECATED_OBJC_IMPLEMENTATIONS = YES;
				CLANG_WARN_DIRECT_OBJC_ISA_USAGE = YES_ERROR;
				CLANG_WARN_DOCUMENTATION_COMMENTS = YES;
				CLANG_WARN_EMPTY_BODY = YES;
				CLANG_WARN_ENUM_CONVERSION = YES;
				CLANG_WARN_INFINITE_RECURSION = YES;
				CLANG_WARN_INT_CONVERSION = YES;
				CLANG_WARN_NON_LITERAL_NULL_CONVERSION = YES;
				CLANG_WARN_OBJC_IMPLICIT_RETAIN_SELF = YES;
				CLANG_WARN_OBJC_LITERAL_CONVERSION = YES;
				CLANG_WARN_OBJC_ROOT_CLASS = YES_ERROR;
				CLANG_WARN_QUOTED_INCLUDE_IN_FRAMEWORK_HEADER = YES;
				CLANG_WARN_RANGE_LOOP_ANALYSIS = YES;
				CLANG_WARN_STRICT_PROTOTYPES = YES;
				CLANG_WARN_SUSPICIOUS_MOVE = YES;
				CLANG_WARN_UNGUARDED_AVAILABILITY = YES_AGGRESSIVE;
				CLANG_WARN_UNREACHABLE_CODE = YES;
				CLANG_WARN__DUPLICATE_METHOD_MATCH = YES;
				COPY_PHASE_STRIP = NO;
				DEBUG_INFORMATION_FORMAT = "dwarf-with-dsym";
				ENABLE_NS_ASSERTIONS = NO;
				ENABLE_STRICT_OBJC_MSGSEND = YES;
				GCC_C_LANGUAGE_STANDARD = gnu11;
				GCC_NO_COMMON_BLOCKS = YES;
				GCC_WARN_64_TO_32_BIT_CONVERSION = YES;
				GCC_WARN_ABOUT_RETURN_TYPE = YES_ERROR;
				GCC_WARN_UNDECLARED_SELECTOR = YES;
				GCC_WARN_UNINITIALIZED_AUTOS = YES_AGGRESSIVE;
				GCC_WARN_UNUSED_FUNCTION = YES;
				GCC_WARN_UNUSED_VARIABLE = YES;
				IPHONEOS_DEPLOYMENT_TARGET = 16.0;
				MTL_ENABLE_DEBUG_INFO = NO;
				MTL_FAST_MATH = YES;
				SDKROOT = iphoneos;
				SWIFT_COMPILATION_MODE = wholemodule;
				SWIFT_OPTIMIZATION_LEVEL = "-O";
				VALIDATE_PRODUCT = YES;
			};
			name = Release;
		};
		EFFAF18028F22AAD0038AE4C /* Debug */ = {
			isa = XCBuildConfiguration;
			buildSettings = {
				ASSETCATALOG_COMPILER_APPICON_NAME = AppIcon;
				ASSETCATALOG_COMPILER_GLOBAL_ACCENT_COLOR_NAME = AccentColor;
				CODE_SIGN_STYLE = Automatic;
				CURRENT_PROJECT_VERSION = 1;
				DEVELOPMENT_TEAM = G8U44R4USM;
				GENERATE_INFOPLIST_FILE = YES;
				INFOPLIST_FILE = "ITunes Client App/App/Plists/Info.plist";
				INFOPLIST_KEY_UIApplicationSupportsIndirectInputEvents = YES;
				INFOPLIST_KEY_UILaunchStoryboardName = LaunchScreen;
				INFOPLIST_KEY_UISupportedInterfaceOrientations_iPad = "UIInterfaceOrientationPortrait UIInterfaceOrientationPortraitUpsideDown UIInterfaceOrientationLandscapeLeft UIInterfaceOrientationLandscapeRight";
				INFOPLIST_KEY_UISupportedInterfaceOrientations_iPhone = "UIInterfaceOrientationPortrait UIInterfaceOrientationLandscapeLeft UIInterfaceOrientationLandscapeRight";
				LD_RUNPATH_SEARCH_PATHS = (
					"$(inherited)",
					"@executable_path/Frameworks",
				);
				MARKETING_VERSION = 1.0;
				PRODUCT_BUNDLE_IDENTIFIER = "com.ehlkara.ITunes-Client-App";
				PRODUCT_NAME = "$(TARGET_NAME)";
				SUPPORTED_PLATFORMS = "iphoneos iphonesimulator";
				SUPPORTS_MACCATALYST = NO;
				SUPPORTS_MAC_DESIGNED_FOR_IPHONE_IPAD = NO;
				SWIFT_EMIT_LOC_STRINGS = YES;
				SWIFT_VERSION = 5.0;
				TARGETED_DEVICE_FAMILY = 1;
			};
			name = Debug;
		};
		EFFAF18128F22AAD0038AE4C /* Release */ = {
			isa = XCBuildConfiguration;
			buildSettings = {
				ASSETCATALOG_COMPILER_APPICON_NAME = AppIcon;
				ASSETCATALOG_COMPILER_GLOBAL_ACCENT_COLOR_NAME = AccentColor;
				CODE_SIGN_STYLE = Automatic;
				CURRENT_PROJECT_VERSION = 1;
				DEVELOPMENT_TEAM = G8U44R4USM;
				GENERATE_INFOPLIST_FILE = YES;
				INFOPLIST_FILE = "ITunes Client App/App/Plists/Info.plist";
				INFOPLIST_KEY_UIApplicationSupportsIndirectInputEvents = YES;
				INFOPLIST_KEY_UILaunchStoryboardName = LaunchScreen;
				INFOPLIST_KEY_UISupportedInterfaceOrientations_iPad = "UIInterfaceOrientationPortrait UIInterfaceOrientationPortraitUpsideDown UIInterfaceOrientationLandscapeLeft UIInterfaceOrientationLandscapeRight";
				INFOPLIST_KEY_UISupportedInterfaceOrientations_iPhone = "UIInterfaceOrientationPortrait UIInterfaceOrientationLandscapeLeft UIInterfaceOrientationLandscapeRight";
				LD_RUNPATH_SEARCH_PATHS = (
					"$(inherited)",
					"@executable_path/Frameworks",
				);
				MARKETING_VERSION = 1.0;
				PRODUCT_BUNDLE_IDENTIFIER = "com.ehlkara.ITunes-Client-App";
				PRODUCT_NAME = "$(TARGET_NAME)";
				SUPPORTED_PLATFORMS = "iphoneos iphonesimulator";
				SUPPORTS_MACCATALYST = NO;
				SUPPORTS_MAC_DESIGNED_FOR_IPHONE_IPAD = NO;
				SWIFT_EMIT_LOC_STRINGS = YES;
				SWIFT_VERSION = 5.0;
				TARGETED_DEVICE_FAMILY = 1;
			};
			name = Release;
		};
/* End XCBuildConfiguration section */

/* Begin XCConfigurationList section */
		EFFAF16628F22AAD0038AE4C /* Build configuration list for PBXProject "ITunes Client App" */ = {
			isa = XCConfigurationList;
			buildConfigurations = (
				EFFAF17D28F22AAD0038AE4C /* Debug */,
				EFFAF17E28F22AAD0038AE4C /* Release */,
			);
			defaultConfigurationIsVisible = 0;
			defaultConfigurationName = Release;
		};
		EFFAF17F28F22AAD0038AE4C /* Build configuration list for PBXNativeTarget "ITunes Client App" */ = {
			isa = XCConfigurationList;
			buildConfigurations = (
				EFFAF18028F22AAD0038AE4C /* Debug */,
				EFFAF18128F22AAD0038AE4C /* Release */,
			);
			defaultConfigurationIsVisible = 0;
			defaultConfigurationName = Release;
		};
/* End XCConfigurationList section */
	};
	rootObject = EFFAF16328F22AAD0038AE4C /* Project object */;
}
